
Microsoft Visual Studio Solution File, Format Version 12.00
# Visual Studio Version 17
VisualStudioVersion = 17.10.34928.147
MinimumVisualStudioVersion = 10.0.40219.1
Project("{8BC9CEB8-8B4A-11D0-8D11-00A0C91BC942}") = "LinMat", "example.vcxproj", "{62054DD3-7E86-4C6C-8687-CEE6C0BA9ED3}"
EndProject
Project("{8BC9CEB8-8B4A-11D0-8D11-00A0C91BC942}") = "LinMatUnitTests", "LinMatUnitTests\LinMatUnitTests.vcxproj", "{639EE824-E4C9-47B0-B59D-F7E0F6622639}"
EndProject
Global
	GlobalSection(SolutionConfigurationPlatforms) = preSolution
		Debug|x64 = Debug|x64
		Debug|x86 = Debug|x86
		Release|x64 = Release|x64
		Release|x86 = Release|x86
	EndGlobalSection
	GlobalSection(ProjectConfigurationPlatforms) = postSolution
		{62054DD3-7E86-4C6C-8687-CEE6C0BA9ED3}.Debug|x64.ActiveCfg = Debug|x64
		{62054DD3-7E86-4C6C-8687-CEE6C0BA9ED3}.Debug|x64.Build.0 = Debug|x64
		{62054DD3-7E86-4C6C-8687-CEE6C0BA9ED3}.Debug|x86.ActiveCfg = Debug|Win32
		{62054DD3-7E86-4C6C-8687-CEE6C0BA9ED3}.Debug|x86.Build.0 = Debug|Win32
		{62054DD3-7E86-4C6C-8687-CEE6C0BA9ED3}.Release|x64.ActiveCfg = Release|x64
		{62054DD3-7E86-4C6C-8687-CEE6C0BA9ED3}.Release|x64.Build.0 = Release|x64
		{62054DD3-7E86-4C6C-8687-CEE6C0BA9ED3}.Release|x86.ActiveCfg = Release|Win32
		{62054DD3-7E86-4C6C-8687-CEE6C0BA9ED3}.Release|x86.Build.0 = Release|Win32
		{639EE824-E4C9-47B0-B59D-F7E0F6622639}.Debug|x64.ActiveCfg = Debug|x64
		{639EE824-E4C9-47B0-B59D-F7E0F6622639}.Debug|x64.Build.0 = Debug|x64
		{639EE824-E4C9-47B0-B59D-F7E0F6622639}.Debug|x86.ActiveCfg = Debug|Win32
		{639EE824-E4C9-47B0-B59D-F7E0F6622639}.Debug|x86.Build.0 = Debug|Win32
		{639EE824-E4C9-47B0-B59D-F7E0F6622639}.Release|x64.ActiveCfg = Release|x64
		{639EE824-E4C9-47B0-B59D-F7E0F6622639}.Release|x64.Build.0 = Release|x64
		{639EE824-E4C9-47B0-B59D-F7E0F6622639}.Release|x86.ActiveCfg = Release|Win32
		{639EE824-E4C9-47B0-B59D-F7E0F6622639}.Release|x86.Build.0 = Release|Win32
	EndGlobalSection
	GlobalSection(SolutionProperties) = preSolution
		HideSolutionNode = FALSE
	EndGlobalSection
	GlobalSection(ExtensibilityGlobals) = postSolution
		SolutionGuid = {77E43730-4A6A-4CB0-AB48-BB27F739B1A4}
	EndGlobalSection
EndGlobal
